
Microsoft Visual Studio Solution File, Format Version 12.00
# Visual Studio 15
VisualStudioVersion = 15.0.28307.1800
MinimumVisualStudioVersion = 10.0.40219.1
Project("{FAE04EC0-301F-11D3-BF4B-00C04F79EFBC}") = "MatchGame", "MatchGame\MatchGame.csproj", "{EA9F2AF9-6000-4BC0-81D4-5FD5A57374D3}"
EndProject
Global
	GlobalSection(SolutionConfigurationPlatforms) = preSolution
		Debug|Any CPU = Debug|Any CPU
		Release|Any CPU = Release|Any CPU
	EndGlobalSection
	GlobalSection(ProjectConfigurationPlatforms) = postSolution
		{EA9F2AF9-6000-4BC0-81D4-5FD5A57374D3}.Debug|Any CPU.ActiveCfg = Debug|Any CPU
		{EA9F2AF9-6000-4BC0-81D4-5FD5A57374D3}.Debug|Any CPU.Build.0 = Debug|Any CPU
		{EA9F2AF9-6000-4BC0-81D4-5FD5A57374D3}.Release|Any CPU.ActiveCfg = Release|Any CPU
		{EA9F2AF9-6000-4BC0-81D4-5FD5A57374D3}.Release|Any CPU.Build.0 = Release|Any CPU
	EndGlobalSection
	GlobalSection(SolutionProperties) = preSolution
		HideSolutionNode = FALSE
	EndGlobalSection
	GlobalSection(ExtensibilityGlobals) = postSolution
		SolutionGuid = {F6475C24-0644-4405-B19D-DB1E4CCF9264}
	EndGlobalSection
EndGlobal
